# THIS IS AN AUTOGENERATED FILE. DO NOT EDIT THIS FILE DIRECTLY.
# yarn lockfile v1


"@babel/helper-plugin-utils@^7.20.2", "@babel/helper-plugin-utils@^7.8.0":
  version "7.20.2"
  resolved "https://registry.yarnpkg.com/@babel/helper-plugin-utils/-/helper-plugin-utils-7.20.2.tgz#d1b9000752b18d0877cff85a5c376ce5c3121629"
  integrity sha512-8RvlJG2mj4huQ4pZ+rU9lqKi9ZKiRmuvGuM2HlWmkmgOhbs6zEAw6IEiJ5cQqGbDzGZOhwuOQNtZMi/ENLjZoQ==

"@babel/helper-skip-transparent-expression-wrappers@^7.20.0":
  version "7.20.0"
  resolved "https://registry.yarnpkg.com/@babel/helper-skip-transparent-expression-wrappers/-/helper-skip-transparent-expression-wrappers-7.20.0.tgz#fbe4c52f60518cab8140d77101f0e63a8a230684"
  integrity sha512-5y1JYeNKfvnT8sZcK9DVRtpTbGiomYIHviSP3OQWmDPU3DeH4a1ZlT/N2lyQ5P8egjcRaT/Y9aNqUxK0WsnIIg==
  dependencies:
    "@babel/types" "^7.20.0"

"@babel/helper-string-parser@^7.19.4":
  version "7.19.4"
  resolved "https://registry.yarnpkg.com/@babel/helper-string-parser/-/helper-string-parser-7.19.4.tgz#38d3acb654b4701a9b77fb0615a96f775c3a9e63"
  integrity sha512-nHtDoQcuqFmwYNYPz3Rah5ph2p8PFeFCsZk9A/48dPc/rGocJ5J3hAAZ7pb76VWX3fZKu+uEr/FhH5jLx7umrw==

"@babel/helper-validator-identifier@^7.19.1":
  version "7.19.1"
  resolved "https://registry.yarnpkg.com/@babel/helper-validator-identifier/-/helper-validator-identifier-7.19.1.tgz#7eea834cf32901ffdc1a7ee555e2f9c27e249ca2"
  integrity sha512-awrNfaMtnHUr653GgGEs++LlAvW6w+DcPrOliSMXWCKo597CwL5Acf/wWdNkf/tfEQE3mjkeD1YOVZOUV/od1w==

"@babel/plugin-proposal-optional-chaining@^7.20.7":
  version "7.20.7"
  resolved "https://registry.yarnpkg.com/@babel/plugin-proposal-optional-chaining/-/plugin-proposal-optional-chaining-7.20.7.tgz#49f2b372519ab31728cc14115bb0998b15bfda55"
  integrity sha512-T+A7b1kfjtRM51ssoOfS1+wbyCVqorfyZhT99TvxxLMirPShD8CzKMRepMlCBGM5RpHMbn8s+5MMHnPstJH6mQ==
  dependencies:
    "@babel/helper-plugin-utils" "^7.20.2"
    "@babel/helper-skip-transparent-expression-wrappers" "^7.20.0"
    "@babel/plugin-syntax-optional-chaining" "^7.8.3"

"@babel/plugin-syntax-optional-chaining@^7.8.3":
  version "7.8.3"
  resolved "https://registry.yarnpkg.com/@babel/plugin-syntax-optional-chaining/-/plugin-syntax-optional-chaining-7.8.3.tgz#4f69c2ab95167e0180cd5336613f8c5788f7d48a"
  integrity sha512-KoK9ErH1MBlCPxV0VANkXW2/dw4vlbGDrFgz8bmUsBGYkFRcbRwMh6cIJubdPrkxRwuGdtCk0v/wPTKbQgBjkg==
  dependencies:
    "@babel/helper-plugin-utils" "^7.8.0"

"@babel/types@^7.20.0":
  version "7.20.7"
  resolved "https://registry.yarnpkg.com/@babel/types/-/types-7.20.7.tgz#54ec75e252318423fc07fb644dc6a58a64c09b7f"
  integrity sha512-69OnhBxSSgK0OzTJai4kyPDiKTIe3j+ctaHdIGVbRahTLAT7L3R9oeXHC2aVSuGYt3cVnoAMDmOCgJ2yaiLMvg==
  dependencies:
    "@babel/helper-string-parser" "^7.19.4"
    "@babel/helper-validator-identifier" "^7.19.1"
    to-fast-properties "^2.0.0"

to-fast-properties@^2.0.0:
  version "2.0.0"
  resolved "https://registry.yarnpkg.com/to-fast-properties/-/to-fast-properties-2.0.0.tgz#dc5e698cbd079265bc73e0377681a4e4e83f616e"
  integrity sha512-/OaKK0xYrs3DmxRYqL/yDc+FxFUVYhDlXMhRmv3z915w2HF1tnN1omB354j8VUGO/hbRzyD6Y3sA7v7GS/ceog==
